
Microsoft Visual Studio Solution File, Format Version 12.00
# Visual Studio Version 17
VisualStudioVersion = 17.1.32328.378
MinimumVisualStudioVersion = 10.0.40219.1
Project("{FAE04EC0-301F-11D3-BF4B-00C04F79EFBC}") = "WpfApp1", "WpfApp1\WpfApp1.csproj", "{D7697D99-76B4-45FF-B312-3867C35F7A5D}"
EndProject
Global
	GlobalSection(SolutionConfigurationPlatforms) = preSolution
		Debug|Any CPU = Debug|Any CPU
		Release|Any CPU = Release|Any CPU
	EndGlobalSection
	GlobalSection(ProjectConfigurationPlatforms) = postSolution
		{D7697D99-76B4-45FF-B312-3867C35F7A5D}.Debug|Any CPU.ActiveCfg = Debug|Any CPU
		{D7697D99-76B4-45FF-B312-3867C35F7A5D}.Debug|Any CPU.Build.0 = Debug|Any CPU
		{D7697D99-76B4-45FF-B312-3867C35F7A5D}.Release|Any CPU.ActiveCfg = Release|Any CPU
		{D7697D99-76B4-45FF-B312-3867C35F7A5D}.Release|Any CPU.Build.0 = Release|Any CPU
	EndGlobalSection
	GlobalSection(SolutionProperties) = preSolution
		HideSolutionNode = FALSE
	EndGlobalSection
	GlobalSection(ExtensibilityGlobals) = postSolution
		SolutionGuid = {E2DF079D-D0FF-4271-861E-8BE31CE03794}
	EndGlobalSection
EndGlobal
